%{"bbmustache": {:hex, :bbmustache, "1.0.4"},
  "cf": {:hex, :cf, "0.2.1"},
  "cmark": {:hex, :cmark, "0.6.10"},
  "erlware_commons": {:hex, :erlware_commons, "0.19.0"},
  "exrm": {:hex, :exrm, "1.0.4"},
  "flasked": {:hex, :flasked, "0.4.0"},
  "fnv": {:hex, :fnv, "0.3.2"},
  "getopt": {:hex, :getopt, "0.8.2"},
  "hexate": {:hex, :hexate, "0.5.1"},
  "plug": {:hex, :plug, "1.1.4"},
  "providers": {:hex, :providers, "1.6.0"},
  "ralitobu": {:hex, :ralitobu, "0.1.0"},
  "ralitobu_plug": {:hex, :ralitobu_plug, "0.1.0"},
  "relx": {:hex, :relx, "3.19.0"},
  "strinx": {:hex, :strinx, "0.2.1"}}
