%{"cmark": {:hex, :cmark, "0.6.10", "de67c5f033b42ef2adc702df2044bc97b4a1b36b55826e351852f8d31624bc37", [:mix, :make], []},
  "distillery": {:hex, :distillery, "0.10.0", "4404b8e7b524de3649b3135a39921ace31f0f6216bba51964c836e83b29efe94", [:mix], []},
  "flasked": {:hex, :flasked, "0.4.0", "f61b1ad53a30c39ac2e82f6dab0d97961f003a6cbc6cb2338a0ceab9bdd5b92e", [:mix], []},
  "fnv": {:hex, :fnv, "0.3.2", "47c9c2933f4b16980219aef920164303c3581cd79472b5e989f59a91e20e46a2", [:mix], [{:hexate, "~> 0.5", [hex: :hexate, optional: false]}]},
  "hexate": {:hex, :hexate, "0.6.1", "1cea42e462c1daa32223127d4752e71016c3d933d492b9bb7fa4709a4a0fd50d", [:mix], []},
  "mime": {:hex, :mime, "1.0.1", "05c393850524767d13a53627df71beeebb016205eb43bfbd92d14d24ec7a1b51", [:mix], []},
  "plug": {:hex, :plug, "1.2.1", "dc878eb303099c945465b3f7811200e7dc0a4e2b1b6f3e26dc749011f3ed27ad", [:mix], [{:cowboy, "~> 1.0", [hex: :cowboy, optional: true]}, {:mime, "~> 1.0", [hex: :mime, optional: false]}]},
  "ralitobu": {:hex, :ralitobu, "0.1.0", "46782bcdfa85d13cd8eeb3013d74bae6301066a4e99e2568d6e7441f08d783ea", [:mix], []},
  "ralitobu_plug": {:hex, :ralitobu_plug, "0.1.0", "556e4f367dd76bc0de5ea1f3b645829da4ac36051101f52f468cf15436430868", [:mix], [{:plug, "~> 1.1", [hex: :plug, optional: false]}, {:ralitobu, "~> 0.1", [hex: :ralitobu, optional: false]}]},
  "strinx": {:hex, :strinx, "0.2.1", "88a80256e8bf5ee2b68ce159ff130a336423a6cb4bbdcf6a2081200e09a37320", [:mix], []}}
