%{"bbmustache": {:hex, :bbmustache, "1.0.4", "7ba94f971c5afd7b6617918a4bb74705e36cab36eb84b19b6a1b7ee06427aa38", [:rebar], []},
  "cf": {:hex, :cf, "0.2.1", "69d0b1349fd4d7d4dc55b7f407d29d7a840bf9a1ef5af529f1ebe0ce153fc2ab", [:rebar3], []},
  "cmark": {:hex, :cmark, "0.6.10", "de67c5f033b42ef2adc702df2044bc97b4a1b36b55826e351852f8d31624bc37", [:mix, :make], []},
  "erlware_commons": {:hex, :erlware_commons, "0.21.0", "a04433071ad7d112edefc75ac77719dd3e6753e697ac09428fc83d7564b80b15", [:rebar3], [{:cf, "0.2.1", [hex: :cf, optional: false]}]},
  "exrm": {:hex, :exrm, "1.0.6", "f708fc091dcacb93c1da58254a1ab34166d5ac3dca162877e878fe5d7a9e9dce", [:mix], [{:relx, "~> 3.5", [hex: :relx, optional: false]}]},
  "flasked": {:hex, :flasked, "0.4.0", "f61b1ad53a30c39ac2e82f6dab0d97961f003a6cbc6cb2338a0ceab9bdd5b92e", [:mix], []},
  "fnv": {:hex, :fnv, "0.3.2", "47c9c2933f4b16980219aef920164303c3581cd79472b5e989f59a91e20e46a2", [:mix], [{:hexate, "~> 0.5", [hex: :hexate, optional: false]}]},
  "getopt": {:hex, :getopt, "0.8.2", "b17556db683000ba50370b16c0619df1337e7af7ecbf7d64fbf8d1d6bce3109b", [:rebar], []},
  "hexate": {:hex, :hexate, "0.5.1", "e1e4403ab6d6a0e29e94f95c3d19ed789ddb7a050935653d56e61f728fb99174", [:mix], []},
  "plug": {:hex, :plug, "1.1.6", "8927e4028433fcb859e000b9389ee9c37c80eb28378eeeea31b0273350bf668b", [:mix], [{:cowboy, "~> 1.0", [hex: :cowboy, optional: true]}]},
  "providers": {:hex, :providers, "1.6.0", "db0e2f9043ae60c0155205fcd238d68516331d0e5146155e33d1e79dc452964a", [:rebar3], [{:getopt, "0.8.2", [hex: :getopt, optional: false]}]},
  "ralitobu": {:hex, :ralitobu, "0.1.0", "46782bcdfa85d13cd8eeb3013d74bae6301066a4e99e2568d6e7441f08d783ea", [:mix], []},
  "ralitobu_plug": {:hex, :ralitobu_plug, "0.1.0", "556e4f367dd76bc0de5ea1f3b645829da4ac36051101f52f468cf15436430868", [:mix], [{:ralitobu, "~> 0.1", [hex: :ralitobu, optional: false]}, {:plug, "~> 1.1", [hex: :plug, optional: false]}]},
  "relx": {:hex, :relx, "3.20.0", "b515b8317d25b3a1508699294c3d1fa6dc0527851dffc87446661bce21a36710", [:rebar3], [{:providers, "1.6.0", [hex: :providers, optional: false]}, {:getopt, "0.8.2", [hex: :getopt, optional: false]}, {:erlware_commons, "0.21.0", [hex: :erlware_commons, optional: false]}, {:cf, "0.2.1", [hex: :cf, optional: false]}, {:bbmustache, "1.0.4", [hex: :bbmustache, optional: false]}]},
  "strinx": {:hex, :strinx, "0.2.1", "88a80256e8bf5ee2b68ce159ff130a336423a6cb4bbdcf6a2081200e09a37320", [:mix], []}}
